Microsoft Visual Studio Solution File, Format Version 11.00
# Visual Studio 2008

Project("{A75A6696-A98C-BF73-CAB3-447A71C7E6AE}") = "TeamA(20161005", "Assembly-CSharp.csproj", "{8D7C3946-2530-9DC2-9D8E-1D108A9515E0}"
EndProject
Global
	GlobalSection(SolutionConfigurationPlatforms) = preSolution
		Debug|Any CPU = Debug|Any CPU
		Release|Any CPU = Release|Any CPU
	EndGlobalSection
	GlobalSection(ProjectConfigurationPlatforms) = postSolution
		{8D7C3946-2530-9DC2-9D8E-1D108A9515E0}.Debug|Any CPU.ActiveCfg = Debug|Any CPU
		{8D7C3946-2530-9DC2-9D8E-1D108A9515E0}.Debug|Any CPU.Build.0 = Debug|Any CPU
		{8D7C3946-2530-9DC2-9D8E-1D108A9515E0}.Release|Any CPU.ActiveCfg = Release|Any CPU
		{8D7C3946-2530-9DC2-9D8E-1D108A9515E0}.Release|Any CPU.Build.0 = Release|Any CPU
	EndGlobalSection
	GlobalSection(SolutionProperties) = preSolution
		HideSolutionNode = FALSE
	EndGlobalSection
	GlobalSection(MonoDevelopProperties) = preSolution
		StartupItem = Assembly-CSharp.csproj
	EndGlobalSection
EndGlobal
