Microsoft Visual Studio Solution File, Format Version 11.00
# Visual Studio 2008

Project("{6AECD52E-4A46-3483-3FCA-2513909A698B}") = "TeamA_Anim", "Assembly-CSharp.csproj", "{A9142DA6-F0FC-B54B-2056-EBEB8775F06E}"
EndProject
Global
	GlobalSection(SolutionConfigurationPlatforms) = preSolution
		Debug|Any CPU = Debug|Any CPU
		Release|Any CPU = Release|Any CPU
	EndGlobalSection
	GlobalSection(ProjectConfigurationPlatforms) = postSolution
		{A9142DA6-F0FC-B54B-2056-EBEB8775F06E}.Debug|Any CPU.ActiveCfg = Debug|Any CPU
		{A9142DA6-F0FC-B54B-2056-EBEB8775F06E}.Debug|Any CPU.Build.0 = Debug|Any CPU
		{A9142DA6-F0FC-B54B-2056-EBEB8775F06E}.Release|Any CPU.ActiveCfg = Release|Any CPU
		{A9142DA6-F0FC-B54B-2056-EBEB8775F06E}.Release|Any CPU.Build.0 = Release|Any CPU
	EndGlobalSection
	GlobalSection(SolutionProperties) = preSolution
		HideSolutionNode = FALSE
	EndGlobalSection
	GlobalSection(MonoDevelopProperties) = preSolution
		StartupItem = Assembly-CSharp.csproj
	EndGlobalSection
EndGlobal
